// !$*UTF8*$!
{
	archiveVersion = 1;
	classes = {
	};
	objectVersion = 50;
	objects = {

/* Begin PBXBuildFile section */
		6BCC6BB8260A74B400E307C2 /* AppDelegate.swift in Sources */ = {isa = PBXBuildFile; fileRef = 6BCC6BB7260A74B400E307C2 /* AppDelegate.swift */; };
		6BCC6BBA260A74B400E307C2 /* SceneDelegate.swift in Sources */ = {isa = PBXBuildFile; fileRef = 6BCC6BB9260A74B400E307C2 /* SceneDelegate.swift */; };
		6BCC6BBC260A74B400E307C2 /* ContentView.swift in Sources */ = {isa = PBXBuildFile; fileRef = 6BCC6BBB260A74B400E307C2 /* ContentView.swift */; };
		6BCC6BBE260A74B500E307C2 /* Assets.xcassets in Resources */ = {isa = PBXBuildFile; fileRef = 6BCC6BBD260A74B500E307C2 /* Assets.xcassets */; };
		6BCC6BC1260A74B500E307C2 /* Preview Assets.xcassets in Resources */ = {isa = PBXBuildFile; fileRef = 6BCC6BC0260A74B500E307C2 /* Preview Assets.xcassets */; };
		6BCC6BC4260A74B500E307C2 /* LaunchScreen.storyboard in Resources */ = {isa = PBXBuildFile; fileRef = 6BCC6BC2260A74B500E307C2 /* LaunchScreen.storyboard */; };
		6BCC6BCF260A74B500E307C2 /* SwiftUI_CounterAppTests.swift in Sources */ = {isa = PBXBuildFile; fileRef = 6BCC6BCE260A74B500E307C2 /* SwiftUI_CounterAppTests.swift */; };
		6BCC6BDA260A74B500E307C2 /* SwiftUI_CounterAppUITests.swift in Sources */ = {isa = PBXBuildFile; fileRef = 6BCC6BD9260A74B500E307C2 /* SwiftUI_CounterAppUITests.swift */; };
/* End PBXBuildFile section */

/* Begin PBXContainerItemProxy section */
		6BCC6BCB260A74B500E307C2 /* PBXContainerItemProxy */ = {
			isa = PBXContainerItemProxy;
			containerPortal = 6BCC6BAC260A74B400E307C2 /* Project object */;
			proxyType = 1;
			remoteGlobalIDString = 6BCC6BB3260A74B400E307C2;
			remoteInfo = "SwiftUI CounterApp";
		};
		6BCC6BD6260A74B500E307C2 /* PBXContainerItemProxy */ = {
			isa = PBXContainerItemProxy;
			containerPortal = 6BCC6BAC260A74B400E307C2 /* Project object */;
			proxyType = 1;
			remoteGlobalIDString = 6BCC6BB3260A74B400E307C2;
			remoteInfo = "SwiftUI CounterApp";
		};
/* End PBXContainerItemProxy section */

/* Begin PBXFileReference section */
		6BCC6BB4260A74B400E307C2 /* SwiftUI CounterApp.app */ = {isa = PBXFileReference; explicitFileType = wrapper.application; includeInIndex = 0; path = "SwiftUI CounterApp.app"; sourceTree = BUILT_PRODUCTS_DIR; };
		6BCC6BB7260A74B400E307C2 /* AppDelegate.swift */ = {isa = PBXFileReference; lastKnownFileType = sourcecode.swift; path = AppDelegate.swift; sourceTree = "<group>"; };
		6BCC6BB9260A74B400E307C2 /* SceneDelegate.swift */ = {isa = PBXFileReference; lastKnownFileType = sourcecode.swift; path = SceneDelegate.swift; sourceTree = "<group>"; };
		6BCC6BBB260A74B400E307C2 /* ContentView.swift */ = {isa = PBXFileReference; lastKnownFileType = sourcecode.swift; path = ContentView.swift; sourceTree = "<group>"; };
		6BCC6BBD260A74B500E307C2 /* Assets.xcassets */ = {isa = PBXFileReference; lastKnownFileType = folder.assetcatalog; path = Assets.xcassets; sourceTree = "<group>"; };
		6BCC6BC0260A74B500E307C2 /* Preview Assets.xcassets */ = {isa = PBXFileReference; lastKnownFileType = folder.assetcatalog; path = "Preview Assets.xcassets"; sourceTree = "<group>"; };
		6BCC6BC3260A74B500E307C2 /* Base */ = {isa = PBXFileReference; lastKnownFileType = file.storyboard; name = Base; path = Base.lproj/LaunchScreen.storyboard; sourceTree = "<group>"; };
		6BCC6BC5260A74B500E307C2 /* Info.plist */ = {isa = PBXFileReference; lastKnownFileType = text.plist.xml; path = Info.plist; sourceTree = "<group>"; };
		6BCC6BCA260A74B500E307C2 /* SwiftUI CounterAppTests.xctest */ = {isa = PBXFileReference; explicitFileType = wrapper.cfbundle; includeInIndex = 0; path = "SwiftUI CounterAppTests.xctest"; sourceTree = BUILT_PRODUCTS_DIR; };
		6BCC6BCE260A74B500E307C2 /* SwiftUI_CounterAppTests.swift */ = {isa = PBXFileReference; lastKnownFileType = sourcecode.swift; path = SwiftUI_CounterAppTests.swift; sourceTree = "<group>"; };
		6BCC6BD0260A74B500E307C2 /* Info.plist */ = {isa = PBXFileReference; lastKnownFileType = text.plist.xml; path = Info.plist; sourceTree = "<group>"; };
		6BCC6BD5260A74B500E307C2 /* SwiftUI CounterAppUITests.xctest */ = {isa = PBXFileReference; explicitFileType = wrapper.cfbundle; includeInIndex = 0; path = "SwiftUI CounterAppUITests.xctest"; sourceTree = BUILT_PRODUCTS_DIR; };
		6BCC6BD9260A74B500E307C2 /* SwiftUI_CounterAppUITests.swift */ = {isa = PBXFileReference; lastKnownFileType = sourcecode.swift; path = SwiftUI_CounterAppUITests.swift; sourceTree = "<group>"; };
		6BCC6BDB260A74B500E307C2 /* Info.plist */ = {isa = PBXFileReference; lastKnownFileType = text.plist.xml; path = Info.plist; sourceTree = "<group>"; };
/* End PBXFileReference section */

/* Begin PBXFrameworksBuildPhase section */
		6BCC6BB1260A74B400E307C2 /* Frameworks */ = {
			isa = PBXFrameworksBuildPhase;
			buildActionMask = 2147483647;
			files = (
			);
			runOnlyForDeploymentPostprocessing = 0;
		};
		6BCC6BC7260A74B500E307C2 /* Frameworks */ = {
			isa = PBXFrameworksBuildPhase;
			buildActionMask = 2147483647;
			files = (
			);
			runOnlyForDeploymentPostprocessing = 0;
		};
		6BCC6BD2260A74B500E307C2 /* Frameworks */ = {
			isa = PBXFrameworksBuildPhase;
			buildActionMask = 2147483647;
			files = (
			);
			runOnlyForDeploymentPostprocessing = 0;
		};
/* End PBXFrameworksBuildPhase section */

/* Begin PBXGroup section */
		6BCC6BAB260A74B400E307C2 = {
			isa = PBXGroup;
			children = (
				6BCC6BB6260A74B400E307C2 /* SwiftUI CounterApp */,
				6BCC6BCD260A74B500E307C2 /* SwiftUI CounterAppTests */,
				6BCC6BD8260A74B500E307C2 /* SwiftUI CounterAppUITests */,
				6BCC6BB5260A74B400E307C2 /* Products */,
			);
			sourceTree = "<group>";
		};
		6BCC6BB5260A74B400E307C2 /* Products */ = {
			isa = PBXGroup;
			children = (
				6BCC6BB4260A74B400E307C2 /* SwiftUI CounterApp.app */,
				6BCC6BCA260A74B500E307C2 /* SwiftUI CounterAppTests.xctest */,
				6BCC6BD5260A74B500E307C2 /* SwiftUI CounterAppUITests.xctest */,
			);
			name = Products;
			sourceTree = "<group>";
		};
		6BCC6BB6260A74B400E307C2 /* SwiftUI CounterApp */ = {
			isa = PBXGroup;
			children = (
				6BCC6BB7260A74B400E307C2 /* AppDelegate.swift */,
				6BCC6BB9260A74B400E307C2 /* SceneDelegate.swift */,
				6BCC6BBB260A74B400E307C2 /* ContentView.swift */,
				6BCC6BBD260A74B500E307C2 /* Assets.xcassets */,
				6BCC6BC2260A74B500E307C2 /* LaunchScreen.storyboard */,
				6BCC6BC5260A74B500E307C2 /* Info.plist */,
				6BCC6BBF260A74B500E307C2 /* Preview Content */,
			);
			path = "SwiftUI CounterApp";
			sourceTree = "<group>";
		};
		6BCC6BBF260A74B500E307C2 /* Preview Content */ = {
			isa = PBXGroup;
			children = (
				6BCC6BC0260A74B500E307C2 /* Preview Assets.xcassets */,
			);
			path = "Preview Content";
			sourceTree = "<group>";
		};
		6BCC6BCD260A74B500E307C2 /* SwiftUI CounterAppTests */ = {
			isa = PBXGroup;
			children = (
				6BCC6BCE260A74B500E307C2 /* SwiftUI_CounterAppTests.swift */,
				6BCC6BD0260A74B500E307C2 /* Info.plist */,
			);
			path = "SwiftUI CounterAppTests";
			sourceTree = "<group>";
		};
		6BCC6BD8260A74B500E307C2 /* SwiftUI CounterAppUITests */ = {
			isa = PBXGroup;
			children = (
				6BCC6BD9260A74B500E307C2 /* SwiftUI_CounterAppUITests.swift */,
				6BCC6BDB260A74B500E307C2 /* Info.plist */,
			);
			path = "SwiftUI CounterAppUITests";
			sourceTree = "<group>";
		};
/* End PBXGroup section */

/* Begin PBXNativeTarget section */
		6BCC6BB3260A74B400E307C2 /* SwiftUI CounterApp */ = {
			isa = PBXNativeTarget;
			buildConfigurationList = 6BCC6BDE260A74B500E307C2 /* Build configuration list for PBXNativeTarget "SwiftUI CounterApp" */;
			buildPhases = (
				6BCC6BB0260A74B400E307C2 /* Sources */,
				6BCC6BB1260A74B400E307C2 /* Frameworks */,
				6BCC6BB2260A74B400E307C2 /* Resources */,
			);
			buildRules = (
			);
			dependencies = (
			);
			name = "SwiftUI CounterApp";
			productName = "SwiftUI CounterApp";
			productReference = 6BCC6BB4260A74B400E307C2 /* SwiftUI CounterApp.app */;
			productType = "com.apple.product-type.application";
		};
		6BCC6BC9260A74B500E307C2 /* SwiftUI CounterAppTests */ = {
			isa = PBXNativeTarget;
			buildConfigurationList = 6BCC6BE1260A74B500E307C2 /* Build configuration list for PBXNativeTarget "SwiftUI CounterAppTests" */;
			buildPhases = (
				6BCC6BC6260A74B500E307C2 /* Sources */,
				6BCC6BC7260A74B500E307C2 /* Frameworks */,
				6BCC6BC8260A74B500E307C2 /* Resources */,
			);
			buildRules = (
			);
			dependencies = (
				6BCC6BCC260A74B500E307C2 /* PBXTargetDependency */,
			);
			name = "SwiftUI CounterAppTests";
			productName = "SwiftUI CounterAppTests";
			productReference = 6BCC6BCA260A74B500E307C2 /* SwiftUI CounterAppTests.xctest */;
			productType = "com.apple.product-type.bundle.unit-test";
		};
		6BCC6BD4260A74B500E307C2 /* SwiftUI CounterAppUITests */ = {
			isa = PBXNativeTarget;
			buildConfigurationList = 6BCC6BE4260A74B500E307C2 /* Build configuration list for PBXNativeTarget "SwiftUI CounterAppUITests" */;
			buildPhases = (
				6BCC6BD1260A74B500E307C2 /* Sources */,
				6BCC6BD2260A74B500E307C2 /* Frameworks */,
				6BCC6BD3260A74B500E307C2 /* Resources */,
			);
			buildRules = (
			);
			dependencies = (
				6BCC6BD7260A74B500E307C2 /* PBXTargetDependency */,
			);
			name = "SwiftUI CounterAppUITests";
			productName = "SwiftUI CounterAppUITests";
			productReference = 6BCC6BD5260A74B500E307C2 /* SwiftUI CounterAppUITests.xctest */;
			productType = "com.apple.product-type.bundle.ui-testing";
		};
/* End PBXNativeTarget section */

/* Begin PBXProject section */
		6BCC6BAC260A74B400E307C2 /* Project object */ = {
			isa = PBXProject;
			attributes = {
				LastSwiftUpdateCheck = 1240;
				LastUpgradeCheck = 1240;
				TargetAttributes = {
					6BCC6BB3260A74B400E307C2 = {
						CreatedOnToolsVersion = 12.4;
					};
					6BCC6BC9260A74B500E307C2 = {
						CreatedOnToolsVersion = 12.4;
						TestTargetID = 6BCC6BB3260A74B400E307C2;
					};
					6BCC6BD4260A74B500E307C2 = {
						CreatedOnToolsVersion = 12.4;
						TestTargetID = 6BCC6BB3260A74B400E307C2;
					};
				};
			};
			buildConfigurationList = 6BCC6BAF260A74B400E307C2 /* Build configuration list for PBXProject "SwiftUI CounterApp" */;
			compatibilityVersion = "Xcode 9.3";
			developmentRegion = en;
			hasScannedForEncodings = 0;
			knownRegions = (
				en,
				Base,
			);
			mainGroup = 6BCC6BAB260A74B400E307C2;
			productRefGroup = 6BCC6BB5260A74B400E307C2 /* Products */;
			projectDirPath = "";
			projectRoot = "";
			targets = (
				6BCC6BB3260A74B400E307C2 /* SwiftUI CounterApp */,
				6BCC6BC9260A74B500E307C2 /* SwiftUI CounterAppTests */,
				6BCC6BD4260A74B500E307C2 /* SwiftUI CounterAppUITests */,
			);
		};
/* End PBXProject section */

/* Begin PBXResourcesBuildPhase section */
		6BCC6BB2260A74B400E307C2 /* Resources */ = {
			isa = PBXResourcesBuildPhase;
			buildActionMask = 2147483647;
			files = (
				6BCC6BC4260A74B500E307C2 /* LaunchScreen.storyboard in Resources */,
				6BCC6BC1260A74B500E307C2 /* Preview Assets.xcassets in Resources */,
				6BCC6BBE260A74B500E307C2 /* Assets.xcassets in Resources */,
			);
			runOnlyForDeploymentPostprocessing = 0;
		};
		6BCC6BC8260A74B500E307C2 /* Resources */ = {
			isa = PBXResourcesBuildPhase;
			buildActionMask = 2147483647;
			files = (
			);
			runOnlyForDeploymentPostprocessing = 0;
		};
		6BCC6BD3260A74B500E307C2 /* Resources */ = {
			isa = PBXResourcesBuildPhase;
			buildActionMask = 2147483647;
			files = (
			);
			runOnlyForDeploymentPostprocessing = 0;
		};
/* End PBXResourcesBuildPhase section */

/* Begin PBXSourcesBuildPhase section */
		6BCC6BB0260A74B400E307C2 /* Sources */ = {
			isa = PBXSourcesBuildPhase;
			buildActionMask = 2147483647;
			files = (
				6BCC6BB8260A74B400E307C2 /* AppDelegate.swift in Sources */,
				6BCC6BBA260A74B400E307C2 /* SceneDelegate.swift in Sources */,
				6BCC6BBC260A74B400E307C2 /* ContentView.swift in Sources */,
			);
			runOnlyForDeploymentPostprocessing = 0;
		};
		6BCC6BC6260A74B500E307C2 /* Sources */ = {
			isa = PBXSourcesBuildPhase;
			buildActionMask = 2147483647;
			files = (
				6BCC6BCF260A74B500E307C2 /* SwiftUI_CounterAppTests.swift in Sources */,
			);
			runOnlyForDeploymentPostprocessing = 0;
		};
		6BCC6BD1260A74B500E307C2 /* Sources */ = {
			isa = PBXSourcesBuildPhase;
			buildActionMask = 2147483647;
			files = (
				6BCC6BDA260A74B500E307C2 /* SwiftUI_CounterAppUITests.swift in Sources */,
			);
			runOnlyForDeploymentPostprocessing = 0;
		};
/* End PBXSourcesBuildPhase section */

/* Begin PBXTargetDependency section */
		6BCC6BCC260A74B500E307C2 /* PBXTargetDependency */ = {
			isa = PBXTargetDependency;
			target = 6BCC6BB3260A74B400E307C2 /* SwiftUI CounterApp */;
			targetProxy = 6BCC6BCB260A74B500E307C2 /* PBXContainerItemProxy */;
		};
		6BCC6BD7260A74B500E307C2 /* PBXTargetDependency */ = {
			isa = PBXTargetDependency;
			target = 6BCC6BB3260A74B400E307C2 /* SwiftUI CounterApp */;
			targetProxy = 6BCC6BD6260A74B500E307C2 /* PBXContainerItemProxy */;
		};
/* End PBXTargetDependency section */

/* Begin PBXVariantGroup section */
		6BCC6BC2260A74B500E307C2 /* LaunchScreen.storyboard */ = {
			isa = PBXVariantGroup;
			children = (
				6BCC6BC3260A74B500E307C2 /* Base */,
			);
			name = LaunchScreen.storyboard;
			sourceTree = "<group>";
		};
/* End PBXVariantGroup section */

/* Begin XCBuildConfiguration section */
		6BCC6BDC260A74B500E307C2 /* Debug */ = {
			isa = XCBuildConfiguration;
			buildSettings = {
				ALWAYS_SEARCH_USER_PATHS = NO;
				CLANG_ANALYZER_NONNULL = YES;
				CLANG_ANALYZER_NUMBER_OBJECT_CONVERSION = YES_AGGRESSIVE;
				CLANG_CXX_LANGUAGE_STANDARD = "gnu++14";
				CLANG_CXX_LIBRARY = "libc++";
				CLANG_ENABLE_MODULES = YES;
				CLANG_ENABLE_OBJC_ARC = YES;
				CLANG_ENABLE_OBJC_WEAK = YES;
				CLANG_WARN_BLOCK_CAPTURE_AUTORELEASING = YES;
				CLANG_WARN_BOOL_CONVERSION = YES;
				CLANG_WARN_COMMA = YES;
				CLANG_WARN_CONSTANT_CONVERSION = YES;
				CLANG_WARN_DEPRECATED_OBJC_IMPLEMENTATIONS = YES;
				CLANG_WARN_DIRECT_OBJC_ISA_USAGE = YES_ERROR;
				CLANG_WARN_DOCUMENTATION_COMMENTS = YES;
				CLANG_WARN_EMPTY_BODY = YES;
				CLANG_WARN_ENUM_CONVERSION = YES;
				CLANG_WARN_INFINITE_RECURSION = YES;
				CLANG_WARN_INT_CONVERSION = YES;
				CLANG_WARN_NON_LITERAL_NULL_CONVERSION = YES;
				CLANG_WARN_OBJC_IMPLICIT_RETAIN_SELF = YES;
				CLANG_WARN_OBJC_LITERAL_CONVERSION = YES;
				CLANG_WARN_OBJC_ROOT_CLASS = YES_ERROR;
				CLANG_WARN_QUOTED_INCLUDE_IN_FRAMEWORK_HEADER = YES;
				CLANG_WARN_RANGE_LOOP_ANALYSIS = YES;
				CLANG_WARN_STRICT_PROTOTYPES = YES;
				CLANG_WARN_SUSPICIOUS_MOVE = YES;
				CLANG_WARN_UNGUARDED_AVAILABILITY = YES_AGGRESSIVE;
				CLANG_WARN_UNREACHABLE_CODE = YES;
				CLANG_WARN__DUPLICATE_METHOD_MATCH = YES;
				COPY_PHASE_STRIP = NO;
				DEBUG_INFORMATION_FORMAT = dwarf;
				ENABLE_STRICT_OBJC_MSGSEND = YES;
				ENABLE_TESTABILITY = YES;
				GCC_C_LANGUAGE_STANDARD = gnu11;
				GCC_DYNAMIC_NO_PIC = NO;
				GCC_NO_COMMON_BLOCKS = YES;
				GCC_OPTIMIZATION_LEVEL = 0;
				GCC_PREPROCESSOR_DEFINITIONS = (
					"DEBUG=1",
					"$(inherited)",
				);
				GCC_WARN_64_TO_32_BIT_CONVERSION = YES;
				GCC_WARN_ABOUT_RETURN_TYPE = YES_ERROR;
				GCC_WARN_UNDECLARED_SELECTOR = YES;
				GCC_WARN_UNINITIALIZED_AUTOS = YES_AGGRESSIVE;
				GCC_WARN_UNUSED_FUNCTION = YES;
				GCC_WARN_UNUSED_VARIABLE = YES;
				IPHONEOS_DEPLOYMENT_TARGET = 14.4;
				MTL_ENABLE_DEBUG_INFO = INCLUDE_SOURCE;
				MTL_FAST_MATH = YES;
				ONLY_ACTIVE_ARCH = YES;
				SDKROOT = iphoneos;
				SWIFT_ACTIVE_COMPILATION_CONDITIONS = DEBUG;
				SWIFT_OPTIMIZATION_LEVEL = "-Onone";
			};
			name = Debug;
		};
		6BCC6BDD260A74B500E307C2 /* Release */ = {
			isa = XCBuildConfiguration;
			buildSettings = {
				ALWAYS_SEARCH_USER_PATHS = NO;
				CLANG_ANALYZER_NONNULL = YES;
				CLANG_ANALYZER_NUMBER_OBJECT_CONVERSION = YES_AGGRESSIVE;
				CLANG_CXX_LANGUAGE_STANDARD = "gnu++14";
				CLANG_CXX_LIBRARY = "libc++";
				CLANG_ENABLE_MODULES = YES;
				CLANG_ENABLE_OBJC_ARC = YES;
				CLANG_ENABLE_OBJC_WEAK = YES;
				CLANG_WARN_BLOCK_CAPTURE_AUTORELEASING = YES;
				CLANG_WARN_BOOL_CONVERSION = YES;
				CLANG_WARN_COMMA = YES;
				CLANG_WARN_CONSTANT_CONVERSION = YES;
				CLANG_WARN_DEPRECATED_OBJC_IMPLEMENTATIONS = YES;
				CLANG_WARN_DIRECT_OBJC_ISA_USAGE = YES_ERROR;
				CLANG_WARN_DOCUMENTATION_COMMENTS = YES;
				CLANG_WARN_EMPTY_BODY = YES;
				CLANG_WARN_ENUM_CONVERSION = YES;
				CLANG_WARN_INFINITE_RECURSION = YES;
				CLANG_WARN_INT_CONVERSION = YES;
				CLANG_WARN_NON_LITERAL_NULL_CONVERSION = YES;
				CLANG_WARN_OBJC_IMPLICIT_RETAIN_SELF = YES;
				CLANG_WARN_OBJC_LITERAL_CONVERSION = YES;
				CLANG_WARN_OBJC_ROOT_CLASS = YES_ERROR;
				CLANG_WARN_QUOTED_INCLUDE_IN_FRAMEWORK_HEADER = YES;
				CLANG_WARN_RANGE_LOOP_ANALYSIS = YES;
				CLANG_WARN_STRICT_PROTOTYPES = YES;
				CLANG_WARN_SUSPICIOUS_MOVE = YES;
				CLANG_WARN_UNGUARDED_AVAILABILITY = YES_AGGRESSIVE;
				CLANG_WARN_UNREACHABLE_CODE = YES;
				CLANG_WARN__DUPLICATE_METHOD_MATCH = YES;
				COPY_PHASE_STRIP = NO;
				DEBUG_INFORMATION_FORMAT = "dwarf-with-dsym";
				ENABLE_NS_ASSERTIONS = NO;
				ENABLE_STRICT_OBJC_MSGSEND = YES;
				GCC_C_LANGUAGE_STANDARD = gnu11;
				GCC_NO_COMMON_BLOCKS = YES;
				GCC_WARN_64_TO_32_BIT_CONVERSION = YES;
				GCC_WARN_ABOUT_RETURN_TYPE = YES_ERROR;
				GCC_WARN_UNDECLARED_SELECTOR = YES;
				GCC_WARN_UNINITIALIZED_AUTOS = YES_AGGRESSIVE;
				GCC_WARN_UNUSED_FUNCTION = YES;
				GCC_WARN_UNUSED_VARIABLE = YES;
				IPHONEOS_DEPLOYMENT_TARGET = 14.4;
				MTL_ENABLE_DEBUG_INFO = NO;
				MTL_FAST_MATH = YES;
				SDKROOT = iphoneos;
				SWIFT_COMPILATION_MODE = wholemodule;
				SWIFT_OPTIMIZATION_LEVEL = "-O";
				VALIDATE_PRODUCT = YES;
			};
			name = Release;
		};
		6BCC6BDF260A74B500E307C2 /* Debug */ = {
			isa = XCBuildConfiguration;
			buildSettings = {
				ASSETCATALOG_COMPILER_APPICON_NAME = AppIcon;
				ASSETCATALOG_COMPILER_GLOBAL_ACCENT_COLOR_NAME = AccentColor;
				CODE_SIGN_STYLE = Automatic;
				DEVELOPMENT_ASSET_PATHS = "\"SwiftUI CounterApp/Preview Content\"";
				ENABLE_PREVIEWS = YES;
				INFOPLIST_FILE = "SwiftUI CounterApp/Info.plist";
				LD_RUNPATH_SEARCH_PATHS = (
					"$(inherited)",
					"@executable_path/Frameworks",
				);
				PRODUCT_BUNDLE_IDENTIFIER = "com.aashiq.test.SwiftUI-CounterApp";
				PRODUCT_NAME = "$(TARGET_NAME)";
				SWIFT_VERSION = 5.0;
				TARGETED_DEVICE_FAMILY = "1,2";
			};
			name = Debug;
		};
		6BCC6BE0260A74B500E307C2 /* Release */ = {
			isa = XCBuildConfiguration;
			buildSettings = {
				ASSETCATALOG_COMPILER_APPICON_NAME = AppIcon;
				ASSETCATALOG_COMPILER_GLOBAL_ACCENT_COLOR_NAME = AccentColor;
				CODE_SIGN_STYLE = Automatic;
				DEVELOPMENT_ASSET_PATHS = "\"SwiftUI CounterApp/Preview Content\"";
				ENABLE_PREVIEWS = YES;
				INFOPLIST_FILE = "SwiftUI CounterApp/Info.plist";
				LD_RUNPATH_SEARCH_PATHS = (
					"$(inherited)",
					"@executable_path/Frameworks",
				);
				PRODUCT_BUNDLE_IDENTIFIER = "com.aashiq.test.SwiftUI-CounterApp";
				PRODUCT_NAME = "$(TARGET_NAME)";
				SWIFT_VERSION = 5.0;
				TARGETED_DEVICE_FAMILY = "1,2";
			};
			name = Release;
		};
		6BCC6BE2260A74B500E307C2 /* Debug */ = {
			isa = XCBuildConfiguration;
			buildSettings = {
				ALWAYS_EMBED_SWIFT_STANDARD_LIBRARIES = YES;
				BUNDLE_LOADER = "$(TEST_HOST)";
				CODE_SIGN_STYLE = Automatic;
				INFOPLIST_FILE = "SwiftUI CounterAppTests/Info.plist";
				IPHONEOS_DEPLOYMENT_TARGET = 14.4;
				LD_RUNPATH_SEARCH_PATHS = (
					"$(inherited)",
					"@executable_path/Frameworks",
					"@loader_path/Frameworks",
				);
				PRODUCT_BUNDLE_IDENTIFIER = "com.aashiq.test.SwiftUI-CounterAppTests";
				PRODUCT_NAME = "$(TARGET_NAME)";
				SWIFT_VERSION = 5.0;
				TARGETED_DEVICE_FAMILY = "1,2";
				TEST_HOST = "$(BUILT_PRODUCTS_DIR)/SwiftUI CounterApp.app/SwiftUI CounterApp";
			};
			name = Debug;
		};
		6BCC6BE3260A74B500E307C2 /* Release */ = {
			isa = XCBuildConfiguration;
			buildSettings = {
				ALWAYS_EMBED_SWIFT_STANDARD_LIBRARIES = YES;
				BUNDLE_LOADER = "$(TEST_HOST)";
				CODE_SIGN_STYLE = Automatic;
				INFOPLIST_FILE = "SwiftUI CounterAppTests/Info.plist";
				IPHONEOS_DEPLOYMENT_TARGET = 14.4;
				LD_RUNPATH_SEARCH_PATHS = (
					"$(inherited)",
					"@executable_path/Frameworks",
					"@loader_path/Frameworks",
				);
				PRODUCT_BUNDLE_IDENTIFIER = "com.aashiq.test.SwiftUI-CounterAppTests";
				PRODUCT_NAME = "$(TARGET_NAME)";
				SWIFT_VERSION = 5.0;
				TARGETED_DEVICE_FAMILY = "1,2";
				TEST_HOST = "$(BUILT_PRODUCTS_DIR)/SwiftUI CounterApp.app/SwiftUI CounterApp";
			};
			name = Release;
		};
		6BCC6BE5260A74B500E307C2 /* Debug */ = {
			isa = XCBuildConfiguration;
			buildSettings = {
				ALWAYS_EMBED_SWIFT_STANDARD_LIBRARIES = YES;
				CODE_SIGN_STYLE = Automatic;
				INFOPLIST_FILE = "SwiftUI CounterAppUITests/Info.plist";
				LD_RUNPATH_SEARCH_PATHS = (
					"$(inherited)",
					"@executable_path/Frameworks",
					"@loader_path/Frameworks",
				);
				PRODUCT_BUNDLE_IDENTIFIER = "com.aashiq.test.SwiftUI-CounterAppUITests";
				PRODUCT_NAME = "$(TARGET_NAME)";
				SWIFT_VERSION = 5.0;
				TARGETED_DEVICE_FAMILY = "1,2";
				TEST_TARGET_NAME = "SwiftUI CounterApp";
			};
			name = Debug;
		};
		6BCC6BE6260A74B500E307C2 /* Release */ = {
			isa = XCBuildConfiguration;
			buildSettings = {
				ALWAYS_EMBED_SWIFT_STANDARD_LIBRARIES = YES;
				CODE_SIGN_STYLE = Automatic;
				INFOPLIST_FILE = "SwiftUI CounterAppUITests/Info.plist";
				LD_RUNPATH_SEARCH_PATHS = (
					"$(inherited)",
					"@executable_path/Frameworks",
					"@loader_path/Frameworks",
				);
				PRODUCT_BUNDLE_IDENTIFIER = "com.aashiq.test.SwiftUI-CounterAppUITests";
				PRODUCT_NAME = "$(TARGET_NAME)";
				SWIFT_VERSION = 5.0;
				TARGETED_DEVICE_FAMILY = "1,2";
				TEST_TARGET_NAME = "SwiftUI CounterApp";
			};
			name = Release;
		};
/* End XCBuildConfiguration section */

/* Begin XCConfigurationList section */
		6BCC6BAF260A74B400E307C2 /* Build configuration list for PBXProject "SwiftUI CounterApp" */ = {
			isa = XCConfigurationList;
			buildConfigurations = (
				6BCC6BDC260A74B500E307C2 /* Debug */,
				6BCC6BDD260A74B500E307C2 /* Release */,
			);
			defaultConfigurationIsVisible = 0;
			defaultConfigurationName = Release;
		};
		6BCC6BDE260A74B500E307C2 /* Build configuration list for PBXNativeTarget "SwiftUI CounterApp" */ = {
			isa = XCConfigurationList;
			buildConfigurations = (
				6BCC6BDF260A74B500E307C2 /* Debug */,
				6BCC6BE0260A74B500E307C2 /* Release */,
			);
			defaultConfigurationIsVisible = 0;
			defaultConfigurationName = Release;
		};
		6BCC6BE1260A74B500E307C2 /* Build configuration list for PBXNativeTarget "SwiftUI CounterAppTests" */ = {
			isa = XCConfigurationList;
			buildConfigurations = (
				6BCC6BE2260A74B500E307C2 /* Debug */,
				6BCC6BE3260A74B500E307C2 /* Release */,
			);
			defaultConfigurationIsVisible = 0;
			defaultConfigurationName = Release;
		};
		6BCC6BE4260A74B500E307C2 /* Build configuration list for PBXNativeTarget "SwiftUI CounterAppUITests" */ = {
			isa = XCConfigurationList;
			buildConfigurations = (
				6BCC6BE5260A74B500E307C2 /* Debug */,
				6BCC6BE6260A74B500E307C2 /* Release */,
			);
			defaultConfigurationIsVisible = 0;
			defaultConfigurationName = Release;
		};
/* End XCConfigurationList section */
	};
	rootObject = 6BCC6BAC260A74B400E307C2 /* Project object */;
}
